// !$*UTF8*$!
{
	archiveVersion = 1;
	classes = {
	};
	objectVersion = 46;
	objects = {

/* Begin PBXBuildFile section */
		134CB85C1974F06D002387DD /* AppDelegate.swift in Sources */ = {isa = PBXBuildFile; fileRef = 134CB85B1974F06D002387DD /* AppDelegate.swift */; };
		134CB85E1974F06D002387DD /* MasterViewController.swift in Sources */ = {isa = PBXBuildFile; fileRef = 134CB85D1974F06D002387DD /* MasterViewController.swift */; };
		134CB8601974F06D002387DD /* DetailViewController.swift in Sources */ = {isa = PBXBuildFile; fileRef = 134CB85F1974F06D002387DD /* DetailViewController.swift */; };
		134CB8631974F06D002387DD /* Main.storyboard in Resources */ = {isa = PBXBuildFile; fileRef = 134CB8611974F06D002387DD /* Main.storyboard */; };
		134CB8651974F06D002387DD /* Images.xcassets in Resources */ = {isa = PBXBuildFile; fileRef = 134CB8641974F06D002387DD /* Images.xcassets */; };
		134CB8711974F06D002387DD /* BoxOfficeTests.swift in Sources */ = {isa = PBXBuildFile; fileRef = 134CB8701974F06D002387DD /* BoxOfficeTests.swift */; };
		134CB87D1974F07E002387DD /* MBProgressHUD.m in Sources */ = {isa = PBXBuildFile; fileRef = 134CB87C1974F07E002387DD /* MBProgressHUD.m */; };
/* End PBXBuildFile section */

/* Begin PBXContainerItemProxy section */
		134CB86B1974F06D002387DD /* PBXContainerItemProxy */ = {
			isa = PBXContainerItemProxy;
			containerPortal = 134CB84E1974F06D002387DD /* Project object */;
			proxyType = 1;
			remoteGlobalIDString = 134CB8551974F06D002387DD;
			remoteInfo = BoxOffice;
		};
/* End PBXContainerItemProxy section */

/* Begin PBXFileReference section */
		134CB8561974F06D002387DD /* BoxOffice.app */ = {isa = PBXFileReference; explicitFileType = wrapper.application; includeInIndex = 0; path = BoxOffice.app; sourceTree = BUILT_PRODUCTS_DIR; };
		134CB85A1974F06D002387DD /* Info.plist */ = {isa = PBXFileReference; lastKnownFileType = text.plist.xml; path = Info.plist; sourceTree = "<group>"; };
		134CB85B1974F06D002387DD /* AppDelegate.swift */ = {isa = PBXFileReference; lastKnownFileType = sourcecode.swift; path = AppDelegate.swift; sourceTree = "<group>"; };
		134CB85D1974F06D002387DD /* MasterViewController.swift */ = {isa = PBXFileReference; lastKnownFileType = sourcecode.swift; path = MasterViewController.swift; sourceTree = "<group>"; };
		134CB85F1974F06D002387DD /* DetailViewController.swift */ = {isa = PBXFileReference; lastKnownFileType = sourcecode.swift; path = DetailViewController.swift; sourceTree = "<group>"; };
		134CB8621974F06D002387DD /* Base */ = {isa = PBXFileReference; lastKnownFileType = file.storyboard; name = Base; path = Base.lproj/Main.storyboard; sourceTree = "<group>"; };
		134CB8641974F06D002387DD /* Images.xcassets */ = {isa = PBXFileReference; lastKnownFileType = folder.assetcatalog; path = Images.xcassets; sourceTree = "<group>"; };
		134CB86A1974F06D002387DD /* BoxOfficeTests.xctest */ = {isa = PBXFileReference; explicitFileType = wrapper.cfbundle; includeInIndex = 0; path = BoxOfficeTests.xctest; sourceTree = BUILT_PRODUCTS_DIR; };
		134CB86F1974F06D002387DD /* Info.plist */ = {isa = PBXFileReference; lastKnownFileType = text.plist.xml; path = Info.plist; sourceTree = "<group>"; };
		134CB8701974F06D002387DD /* BoxOfficeTests.swift */ = {isa = PBXFileReference; lastKnownFileType = sourcecode.swift; path = BoxOfficeTests.swift; sourceTree = "<group>"; };
		134CB87A1974F07D002387DD /* BoxOffice-Bridging-Header.h */ = {isa = PBXFileReference; lastKnownFileType = sourcecode.c.h; path = "BoxOffice-Bridging-Header.h"; sourceTree = "<group>"; };
		134CB87B1974F07E002387DD /* MBProgressHUD.h */ = {isa = PBXFileReference; fileEncoding = 4; lastKnownFileType = sourcecode.c.h; path = MBProgressHUD.h; sourceTree = "<group>"; };
		134CB87C1974F07E002387DD /* MBProgressHUD.m */ = {isa = PBXFileReference; fileEncoding = 4; lastKnownFileType = sourcecode.c.objc; path = MBProgressHUD.m; sourceTree = "<group>"; };
/* End PBXFileReference section */

/* Begin PBXFrameworksBuildPhase section */
		134CB8531974F06D002387DD /* Frameworks */ = {
			isa = PBXFrameworksBuildPhase;
			buildActionMask = 2147483647;
			files = (
			);
			runOnlyForDeploymentPostprocessing = 0;
		};
		134CB8671974F06D002387DD /* Frameworks */ = {
			isa = PBXFrameworksBuildPhase;
			buildActionMask = 2147483647;
			files = (
			);
			runOnlyForDeploymentPostprocessing = 0;
		};
/* End PBXFrameworksBuildPhase section */

/* Begin PBXGroup section */
		134CB84D1974F06D002387DD = {
			isa = PBXGroup;
			children = (
				134CB8581974F06D002387DD /* BoxOffice */,
				134CB86D1974F06D002387DD /* BoxOfficeTests */,
				134CB8571974F06D002387DD /* Products */,
			);
			sourceTree = "<group>";
		};
		134CB8571974F06D002387DD /* Products */ = {
			isa = PBXGroup;
			children = (
				134CB8561974F06D002387DD /* BoxOffice.app */,
				134CB86A1974F06D002387DD /* BoxOfficeTests.xctest */,
			);
			name = Products;
			sourceTree = "<group>";
		};
		134CB8581974F06D002387DD /* BoxOffice */ = {
			isa = PBXGroup;
			children = (
				134CB85B1974F06D002387DD /* AppDelegate.swift */,
				134CB85D1974F06D002387DD /* MasterViewController.swift */,
				134CB85F1974F06D002387DD /* DetailViewController.swift */,
				134CB8611974F06D002387DD /* Main.storyboard */,
				134CB87B1974F07E002387DD /* MBProgressHUD.h */,
				134CB87C1974F07E002387DD /* MBProgressHUD.m */,
				134CB8641974F06D002387DD /* Images.xcassets */,
				134CB8591974F06D002387DD /* Supporting Files */,
				134CB87A1974F07D002387DD /* BoxOffice-Bridging-Header.h */,
			);
			path = BoxOffice;
			sourceTree = "<group>";
		};
		134CB8591974F06D002387DD /* Supporting Files */ = {
			isa = PBXGroup;
			children = (
				134CB85A1974F06D002387DD /* Info.plist */,
			);
			name = "Supporting Files";
			sourceTree = "<group>";
		};
		134CB86D1974F06D002387DD /* BoxOfficeTests */ = {
			isa = PBXGroup;
			children = (
				134CB8701974F06D002387DD /* BoxOfficeTests.swift */,
				134CB86E1974F06D002387DD /* Supporting Files */,
			);
			path = BoxOfficeTests;
			sourceTree = "<group>";
		};
		134CB86E1974F06D002387DD /* Supporting Files */ = {
			isa = PBXGroup;
			children = (
				134CB86F1974F06D002387DD /* Info.plist */,
			);
			name = "Supporting Files";
			sourceTree = "<group>";
		};
/* End PBXGroup section */

/* Begin PBXNativeTarget section */
		134CB8551974F06D002387DD /* BoxOffice */ = {
			isa = PBXNativeTarget;
			buildConfigurationList = 134CB8741974F06D002387DD /* Build configuration list for PBXNativeTarget "BoxOffice" */;
			buildPhases = (
				134CB8521974F06D002387DD /* Sources */,
				134CB8531974F06D002387DD /* Frameworks */,
				134CB8541974F06D002387DD /* Resources */,
			);
			buildRules = (
			);
			dependencies = (
			);
			name = BoxOffice;
			productName = BoxOffice;
			productReference = 134CB8561974F06D002387DD /* BoxOffice.app */;
			productType = "com.apple.product-type.application";
		};
		134CB8691974F06D002387DD /* BoxOfficeTests */ = {
			isa = PBXNativeTarget;
			buildConfigurationList = 134CB8771974F06D002387DD /* Build configuration list for PBXNativeTarget "BoxOfficeTests" */;
			buildPhases = (
				134CB8661974F06D002387DD /* Sources */,
				134CB8671974F06D002387DD /* Frameworks */,
				134CB8681974F06D002387DD /* Resources */,
			);
			buildRules = (
			);
			dependencies = (
				134CB86C1974F06D002387DD /* PBXTargetDependency */,
			);
			name = BoxOfficeTests;
			productName = BoxOfficeTests;
			productReference = 134CB86A1974F06D002387DD /* BoxOfficeTests.xctest */;
			productType = "com.apple.product-type.bundle.unit-test";
		};
/* End PBXNativeTarget section */

/* Begin PBXProject section */
		134CB84E1974F06D002387DD /* Project object */ = {
			isa = PBXProject;
			attributes = {
				LastUpgradeCheck = 0600;
				ORGANIZATIONNAME = "Ben Lindsey";
				TargetAttributes = {
					134CB8551974F06D002387DD = {
						CreatedOnToolsVersion = 6.0;
					};
					134CB8691974F06D002387DD = {
						CreatedOnToolsVersion = 6.0;
						TestTargetID = 134CB8551974F06D002387DD;
					};
				};
			};
			buildConfigurationList = 134CB8511974F06D002387DD /* Build configuration list for PBXProject "BoxOffice" */;
			compatibilityVersion = "Xcode 3.2";
			developmentRegion = English;
			hasScannedForEncodings = 0;
			knownRegions = (
				en,
				Base,
			);
			mainGroup = 134CB84D1974F06D002387DD;
			productRefGroup = 134CB8571974F06D002387DD /* Products */;
			projectDirPath = "";
			projectRoot = "";
			targets = (
				134CB8551974F06D002387DD /* BoxOffice */,
				134CB8691974F06D002387DD /* BoxOfficeTests */,
			);
		};
/* End PBXProject section */

/* Begin PBXResourcesBuildPhase section */
		134CB8541974F06D002387DD /* Resources */ = {
			isa = PBXResourcesBuildPhase;
			buildActionMask = 2147483647;
			files = (
				134CB8631974F06D002387DD /* Main.storyboard in Resources */,
				134CB8651974F06D002387DD /* Images.xcassets in Resources */,
			);
			runOnlyForDeploymentPostprocessing = 0;
		};
		134CB8681974F06D002387DD /* Resources */ = {
			isa = PBXResourcesBuildPhase;
			buildActionMask = 2147483647;
			files = (
			);
			runOnlyForDeploymentPostprocessing = 0;
		};
/* End PBXResourcesBuildPhase section */

/* Begin PBXSourcesBuildPhase section */
		134CB8521974F06D002387DD /* Sources */ = {
			isa = PBXSourcesBuildPhase;
			buildActionMask = 2147483647;
			files = (
				134CB8601974F06D002387DD /* DetailViewController.swift in Sources */,
				134CB85E1974F06D002387DD /* MasterViewController.swift in Sources */,
				134CB85C1974F06D002387DD /* AppDelegate.swift in Sources */,
				134CB87D1974F07E002387DD /* MBProgressHUD.m in Sources */,
			);
			runOnlyForDeploymentPostprocessing = 0;
		};
		134CB8661974F06D002387DD /* Sources */ = {
			isa = PBXSourcesBuildPhase;
			buildActionMask = 2147483647;
			files = (
				134CB8711974F06D002387DD /* BoxOfficeTests.swift in Sources */,
			);
			runOnlyForDeploymentPostprocessing = 0;
		};
/* End PBXSourcesBuildPhase section */

/* Begin PBXTargetDependency section */
		134CB86C1974F06D002387DD /* PBXTargetDependency */ = {
			isa = PBXTargetDependency;
			target = 134CB8551974F06D002387DD /* BoxOffice */;
			targetProxy = 134CB86B1974F06D002387DD /* PBXContainerItemProxy */;
		};
/* End PBXTargetDependency section */

/* Begin PBXVariantGroup section */
		134CB8611974F06D002387DD /* Main.storyboard */ = {
			isa = PBXVariantGroup;
			children = (
				134CB8621974F06D002387DD /* Base */,
			);
			name = Main.storyboard;
			sourceTree = "<group>";
		};
/* End PBXVariantGroup section */

/* Begin XCBuildConfiguration section */
		134CB8721974F06D002387DD /* Debug */ = {
			isa = XCBuildConfiguration;
			buildSettings = {
				ALWAYS_SEARCH_USER_PATHS = NO;
				CLANG_CXX_LANGUAGE_STANDARD = "gnu++0x";
				CLANG_CXX_LIBRARY = "libc++";
				CLANG_ENABLE_MODULES = YES;
				CLANG_ENABLE_OBJC_ARC = YES;
				CLANG_WARN_BOOL_CONVERSION = YES;
				CLANG_WARN_CONSTANT_CONVERSION = YES;
				CLANG_WARN_DIRECT_OBJC_ISA_USAGE = YES_ERROR;
				CLANG_WARN_EMPTY_BODY = YES;
				CLANG_WARN_ENUM_CONVERSION = YES;
				CLANG_WARN_INT_CONVERSION = YES;
				CLANG_WARN_OBJC_ROOT_CLASS = YES_ERROR;
				CLANG_WARN_UNREACHABLE_CODE = YES;
				CLANG_WARN__DUPLICATE_METHOD_MATCH = YES;
				"CODE_SIGN_IDENTITY[sdk=iphoneos*]" = "iPhone Developer";
				COPY_PHASE_STRIP = NO;
				ENABLE_STRICT_OBJC_MSGSEND = YES;
				GCC_C_LANGUAGE_STANDARD = gnu99;
				GCC_DYNAMIC_NO_PIC = NO;
				GCC_OPTIMIZATION_LEVEL = 0;
				GCC_PREPROCESSOR_DEFINITIONS = (
					"DEBUG=1",
					"$(inherited)",
				);
				GCC_SYMBOLS_PRIVATE_EXTERN = NO;
				GCC_WARN_64_TO_32_BIT_CONVERSION = YES;
				GCC_WARN_ABOUT_RETURN_TYPE = YES_ERROR;
				GCC_WARN_UNDECLARED_SELECTOR = YES;
				GCC_WARN_UNINITIALIZED_AUTOS = YES_AGGRESSIVE;
				GCC_WARN_UNUSED_FUNCTION = YES;
				GCC_WARN_UNUSED_VARIABLE = YES;
				IPHONEOS_DEPLOYMENT_TARGET = 8.0;
				MTL_ENABLE_DEBUG_INFO = YES;
				ONLY_ACTIVE_ARCH = YES;
				SDKROOT = iphoneos;
				SWIFT_OPTIMIZATION_LEVEL = "-Onone";
			};
			name = Debug;
		};
		134CB8731974F06D002387DD /* Release */ = {
			isa = XCBuildConfiguration;
			buildSettings = {
				ALWAYS_SEARCH_USER_PATHS = NO;
				CLANG_CXX_LANGUAGE_STANDARD = "gnu++0x";
				CLANG_CXX_LIBRARY = "libc++";
				CLANG_ENABLE_MODULES = YES;
				CLANG_ENABLE_OBJC_ARC = YES;
				CLANG_WARN_BOOL_CONVERSION = YES;
				CLANG_WARN_CONSTANT_CONVERSION = YES;
				CLANG_WARN_DIRECT_OBJC_ISA_USAGE = YES_ERROR;
				CLANG_WARN_EMPTY_BODY = YES;
				CLANG_WARN_ENUM_CONVERSION = YES;
				CLANG_WARN_INT_CONVERSION = YES;
				CLANG_WARN_OBJC_ROOT_CLASS = YES_ERROR;
				CLANG_WARN_UNREACHABLE_CODE = YES;
				CLANG_WARN__DUPLICATE_METHOD_MATCH = YES;
				"CODE_SIGN_IDENTITY[sdk=iphoneos*]" = "iPhone Developer";
				COPY_PHASE_STRIP = YES;
				ENABLE_NS_ASSERTIONS = NO;
				ENABLE_STRICT_OBJC_MSGSEND = YES;
				GCC_C_LANGUAGE_STANDARD = gnu99;
				GCC_WARN_64_TO_32_BIT_CONVERSION = YES;
				GCC_WARN_ABOUT_RETURN_TYPE = YES_ERROR;
				GCC_WARN_UNDECLARED_SELECTOR = YES;
				GCC_WARN_UNINITIALIZED_AUTOS = YES_AGGRESSIVE;
				GCC_WARN_UNUSED_FUNCTION = YES;
				GCC_WARN_UNUSED_VARIABLE = YES;
				IPHONEOS_DEPLOYMENT_TARGET = 8.0;
				MTL_ENABLE_DEBUG_INFO = NO;
				SDKROOT = iphoneos;
				VALIDATE_PRODUCT = YES;
			};
			name = Release;
		};
		134CB8751974F06D002387DD /* Debug */ = {
			isa = XCBuildConfiguration;
			buildSettings = {
				ASSETCATALOG_COMPILER_APPICON_NAME = AppIcon;
				ASSETCATALOG_COMPILER_LAUNCHIMAGE_NAME = LaunchImage;
				CLANG_ENABLE_MODULES = YES;
				INFOPLIST_FILE = BoxOffice/Info.plist;
				LD_RUNPATH_SEARCH_PATHS = "$(inherited) @executable_path/Frameworks";
				PRODUCT_NAME = "$(TARGET_NAME)";
				SWIFT_OBJC_BRIDGING_HEADER = "BoxOffice/BoxOffice-Bridging-Header.h";
				SWIFT_OPTIMIZATION_LEVEL = "-Onone";
			};
			name = Debug;
		};
		134CB8761974F06D002387DD /* Release */ = {
			isa = XCBuildConfiguration;
			buildSettings = {
				ASSETCATALOG_COMPILER_APPICON_NAME = AppIcon;
				ASSETCATALOG_COMPILER_LAUNCHIMAGE_NAME = LaunchImage;
				CLANG_ENABLE_MODULES = YES;
				INFOPLIST_FILE = BoxOffice/Info.plist;
				LD_RUNPATH_SEARCH_PATHS = "$(inherited) @executable_path/Frameworks";
				PRODUCT_NAME = "$(TARGET_NAME)";
				SWIFT_OBJC_BRIDGING_HEADER = "BoxOffice/BoxOffice-Bridging-Header.h";
			};
			name = Release;
		};
		134CB8781974F06D002387DD /* Debug */ = {
			isa = XCBuildConfiguration;
			buildSettings = {
				BUNDLE_LOADER = "$(BUILT_PRODUCTS_DIR)/BoxOffice.app/BoxOffice";
				FRAMEWORK_SEARCH_PATHS = (
					"$(SDKROOT)/Developer/Library/Frameworks",
					"$(inherited)",
				);
				GCC_PREPROCESSOR_DEFINITIONS = (
					"DEBUG=1",
					"$(inherited)",
				);
				INFOPLIST_FILE = BoxOfficeTests/Info.plist;
				LD_RUNPATH_SEARCH_PATHS = "$(inherited) @executable_path/Frameworks @loader_path/Frameworks";
				PRODUCT_NAME = "$(TARGET_NAME)";
				TEST_HOST = "$(BUNDLE_LOADER)";
			};
			name = Debug;
		};
		134CB8791974F06D002387DD /* Release */ = {
			isa = XCBuildConfiguration;
			buildSettings = {
				BUNDLE_LOADER = "$(BUILT_PRODUCTS_DIR)/BoxOffice.app/BoxOffice";
				FRAMEWORK_SEARCH_PATHS = (
					"$(SDKROOT)/Developer/Library/Frameworks",
					"$(inherited)",
				);
				INFOPLIST_FILE = BoxOfficeTests/Info.plist;
				LD_RUNPATH_SEARCH_PATHS = "$(inherited) @executable_path/Frameworks @loader_path/Frameworks";
				PRODUCT_NAME = "$(TARGET_NAME)";
				TEST_HOST = "$(BUNDLE_LOADER)";
			};
			name = Release;
		};
/* End XCBuildConfiguration section */

/* Begin XCConfigurationList section */
		134CB8511974F06D002387DD /* Build configuration list for PBXProject "BoxOffice" */ = {
			isa = XCConfigurationList;
			buildConfigurations = (
				134CB8721974F06D002387DD /* Debug */,
				134CB8731974F06D002387DD /* Release */,
			);
			defaultConfigurationIsVisible = 0;
			defaultConfigurationName = Release;
		};
		134CB8741974F06D002387DD /* Build configuration list for PBXNativeTarget "BoxOffice" */ = {
			isa = XCConfigurationList;
			buildConfigurations = (
				134CB8751974F06D002387DD /* Debug */,
				134CB8761974F06D002387DD /* Release */,
			);
			defaultConfigurationIsVisible = 0;
		};
		134CB8771974F06D002387DD /* Build configuration list for PBXNativeTarget "BoxOfficeTests" */ = {
			isa = XCConfigurationList;
			buildConfigurations = (
				134CB8781974F06D002387DD /* Debug */,
				134CB8791974F06D002387DD /* Release */,
			);
			defaultConfigurationIsVisible = 0;
		};
/* End XCConfigurationList section */
	};
	rootObject = 134CB84E1974F06D002387DD /* Project object */;
}
